
Microsoft Visual Studio Solution File, Format Version 12.00
# Visual Studio Express 2012 for Windows Desktop
Project("{FAE04EC0-301F-11D3-BF4B-00C04F79EFBC}") = "TestApplication", "TestApplication\TestApplication.csproj", "{01040E52-C257-4509-94C4-0C8480AC35A5}"
EndProject
Project("{FAE04EC0-301F-11D3-BF4B-00C04F79EFBC}") = "UnitTest", "UnitTest\UnitTest.csproj", "{2D4A6AFB-73A6-49CD-8D52-8996BCA2BC6C}"
EndProject
Global
	GlobalSection(SolutionConfigurationPlatforms) = preSolution
		Debug|Any CPU = Debug|Any CPU
		Release|Any CPU = Release|Any CPU
	EndGlobalSection
	GlobalSection(ProjectConfigurationPlatforms) = postSolution
		{01040E52-C257-4509-94C4-0C8480AC35A5}.Debug|Any CPU.ActiveCfg = Debug|Any CPU
		{01040E52-C257-4509-94C4-0C8480AC35A5}.Debug|Any CPU.Build.0 = Debug|Any CPU
		{01040E52-C257-4509-94C4-0C8480AC35A5}.Release|Any CPU.ActiveCfg = Release|Any CPU
		{01040E52-C257-4509-94C4-0C8480AC35A5}.Release|Any CPU.Build.0 = Release|Any CPU
		{2D4A6AFB-73A6-49CD-8D52-8996BCA2BC6C}.Debug|Any CPU.ActiveCfg = Debug|Any CPU
		{2D4A6AFB-73A6-49CD-8D52-8996BCA2BC6C}.Debug|Any CPU.Build.0 = Debug|Any CPU
		{2D4A6AFB-73A6-49CD-8D52-8996BCA2BC6C}.Release|Any CPU.ActiveCfg = Release|Any CPU
		{2D4A6AFB-73A6-49CD-8D52-8996BCA2BC6C}.Release|Any CPU.Build.0 = Release|Any CPU
	EndGlobalSection
	GlobalSection(SolutionProperties) = preSolution
		HideSolutionNode = FALSE
	EndGlobalSection
EndGlobal
